
Microsoft Visual Studio Solution File, Format Version 12.00
# Visual Studio 14
VisualStudioVersion = 14.0.25420.1
MinimumVisualStudioVersion = 10.0.40219.1
Project("{FAE04EC0-301F-11D3-BF4B-00C04F79EFBC}") = "Adsroid", "Adsroid\Adsroid.csproj", "{DCD28348-AE4B-468F-B98F-090796943C2E}"
EndProject
Project("{FAE04EC0-301F-11D3-BF4B-00C04F79EFBC}") = "TestingConsole_Adsroid", "TestingConsole_Adsroid\TestingConsole_Adsroid.csproj", "{5697FE90-E434-48C1-B563-2EC575439FD3}"
EndProject
Global
	GlobalSection(SolutionConfigurationPlatforms) = preSolution
		Debug|Any CPU = Debug|Any CPU
		Debug|x64 = Debug|x64
		Debug|x86 = Debug|x86
		Release|Any CPU = Release|Any CPU
		Release|x64 = Release|x64
		Release|x86 = Release|x86
	EndGlobalSection
	GlobalSection(ProjectConfigurationPlatforms) = postSolution
		{DCD28348-AE4B-468F-B98F-090796943C2E}.Debug|Any CPU.ActiveCfg = Debug|Any CPU
		{DCD28348-AE4B-468F-B98F-090796943C2E}.Debug|Any CPU.Build.0 = Debug|Any CPU
		{DCD28348-AE4B-468F-B98F-090796943C2E}.Debug|x64.ActiveCfg = Debug|Any CPU
		{DCD28348-AE4B-468F-B98F-090796943C2E}.Debug|x64.Build.0 = Debug|Any CPU
		{DCD28348-AE4B-468F-B98F-090796943C2E}.Debug|x86.ActiveCfg = Debug|Any CPU
		{DCD28348-AE4B-468F-B98F-090796943C2E}.Debug|x86.Build.0 = Debug|Any CPU
		{DCD28348-AE4B-468F-B98F-090796943C2E}.Release|Any CPU.ActiveCfg = Release|Any CPU
		{DCD28348-AE4B-468F-B98F-090796943C2E}.Release|Any CPU.Build.0 = Release|Any CPU
		{DCD28348-AE4B-468F-B98F-090796943C2E}.Release|x64.ActiveCfg = Release|Any CPU
		{DCD28348-AE4B-468F-B98F-090796943C2E}.Release|x64.Build.0 = Release|Any CPU
		{DCD28348-AE4B-468F-B98F-090796943C2E}.Release|x86.ActiveCfg = Release|Any CPU
		{DCD28348-AE4B-468F-B98F-090796943C2E}.Release|x86.Build.0 = Release|Any CPU
		{5697FE90-E434-48C1-B563-2EC575439FD3}.Debug|Any CPU.ActiveCfg = Debug|Any CPU
		{5697FE90-E434-48C1-B563-2EC575439FD3}.Debug|Any CPU.Build.0 = Debug|Any CPU
		{5697FE90-E434-48C1-B563-2EC575439FD3}.Debug|x64.ActiveCfg = Debug|Any CPU
		{5697FE90-E434-48C1-B563-2EC575439FD3}.Debug|x64.Build.0 = Debug|Any CPU
		{5697FE90-E434-48C1-B563-2EC575439FD3}.Debug|x86.ActiveCfg = Debug|Any CPU
		{5697FE90-E434-48C1-B563-2EC575439FD3}.Debug|x86.Build.0 = Debug|Any CPU
		{5697FE90-E434-48C1-B563-2EC575439FD3}.Release|Any CPU.ActiveCfg = Release|Any CPU
		{5697FE90-E434-48C1-B563-2EC575439FD3}.Release|Any CPU.Build.0 = Release|Any CPU
		{5697FE90-E434-48C1-B563-2EC575439FD3}.Release|x64.ActiveCfg = Release|Any CPU
		{5697FE90-E434-48C1-B563-2EC575439FD3}.Release|x64.Build.0 = Release|Any CPU
		{5697FE90-E434-48C1-B563-2EC575439FD3}.Release|x86.ActiveCfg = Release|Any CPU
		{5697FE90-E434-48C1-B563-2EC575439FD3}.Release|x86.Build.0 = Release|Any CPU
	EndGlobalSection
	GlobalSection(SolutionProperties) = preSolution
		HideSolutionNode = FALSE
	EndGlobalSection
EndGlobal
